
Microsoft Visual Studio Solution File, Format Version 12.00
# Visual Studio 15
VisualStudioVersion = 15.0.28010.2036
MinimumVisualStudioVersion = 10.0.40219.1
Project("{FAE04EC0-301F-11D3-BF4B-00C04F79EFBC}") = "Calculadora", "Calculadora\Calculadora.csproj", "{462DB829-07DA-4CD5-9053-DDC855669300}"
EndProject
Global
	GlobalSection(SolutionConfigurationPlatforms) = preSolution
		Debug|Any CPU = Debug|Any CPU
		Release|Any CPU = Release|Any CPU
	EndGlobalSection
	GlobalSection(ProjectConfigurationPlatforms) = postSolution
		{462DB829-07DA-4CD5-9053-DDC855669300}.Debug|Any CPU.ActiveCfg = Debug|Any CPU
		{462DB829-07DA-4CD5-9053-DDC855669300}.Debug|Any CPU.Build.0 = Debug|Any CPU
		{462DB829-07DA-4CD5-9053-DDC855669300}.Release|Any CPU.ActiveCfg = Release|Any CPU
		{462DB829-07DA-4CD5-9053-DDC855669300}.Release|Any CPU.Build.0 = Release|Any CPU
	EndGlobalSection
	GlobalSection(SolutionProperties) = preSolution
		HideSolutionNode = FALSE
	EndGlobalSection
	GlobalSection(ExtensibilityGlobals) = postSolution
		SolutionGuid = {4345EE5A-F31B-4342-9A18-4CF13BD40686}
	EndGlobalSection
EndGlobal
